
Microsoft Visual Studio Solution File, Format Version 12.00
# Visual Studio Version 17
VisualStudioVersion = 17.3.32929.385
MinimumVisualStudioVersion = 10.0.40219.1
Project("{9A19103F-16F7-4668-BE54-9A1E7A4F7556}") = "App", "App\App.csproj", "{CCF7ACD1-1613-40E3-84E9-23EF43776AA4}"
EndProject
Project("{54435603-DBB4-11D2-8724-00A0C9A8B90C}") = "Setup Self Service", "Setup Self Service\Setup Self Service.vdproj", "{05F06E2F-E40E-48EF-8579-B941E55D9C38}"
EndProject
Global
	GlobalSection(SolutionConfigurationPlatforms) = preSolution
		Debug|Any CPU = Debug|Any CPU
		Release|Any CPU = Release|Any CPU
	EndGlobalSection
	GlobalSection(ProjectConfigurationPlatforms) = postSolution
		{CCF7ACD1-1613-40E3-84E9-23EF43776AA4}.Debug|Any CPU.ActiveCfg = Debug|Any CPU
		{CCF7ACD1-1613-40E3-84E9-23EF43776AA4}.Debug|Any CPU.Build.0 = Debug|Any CPU
		{CCF7ACD1-1613-40E3-84E9-23EF43776AA4}.Release|Any CPU.ActiveCfg = Release|Any CPU
		{CCF7ACD1-1613-40E3-84E9-23EF43776AA4}.Release|Any CPU.Build.0 = Release|Any CPU
		{05F06E2F-E40E-48EF-8579-B941E55D9C38}.Debug|Any CPU.ActiveCfg = Debug
		{05F06E2F-E40E-48EF-8579-B941E55D9C38}.Release|Any CPU.ActiveCfg = Release
	EndGlobalSection
	GlobalSection(SolutionProperties) = preSolution
		HideSolutionNode = FALSE
	EndGlobalSection
	GlobalSection(ExtensibilityGlobals) = postSolution
		SolutionGuid = {722977E5-07E1-4E4C-97E9-173C0706BDDA}
	EndGlobalSection
EndGlobal
